
Microsoft Visual Studio Solution File, Format Version 12.00
# Visual Studio 15
VisualStudioVersion = 15.0.28307.539
MinimumVisualStudioVersion = 10.0.40219.1
Project("{FAE04EC0-301F-11D3-BF4B-00C04F79EFBC}") = "Lab2_ex4", "Lab2_ex4\Lab2_ex4.csproj", "{9CFBD464-E25F-46A4-A2A2-E81736234D39}"
EndProject
Global
	GlobalSection(SolutionConfigurationPlatforms) = preSolution
		Debug|Any CPU = Debug|Any CPU
		Release|Any CPU = Release|Any CPU
	EndGlobalSection
	GlobalSection(ProjectConfigurationPlatforms) = postSolution
		{9CFBD464-E25F-46A4-A2A2-E81736234D39}.Debug|Any CPU.ActiveCfg = Debug|Any CPU
		{9CFBD464-E25F-46A4-A2A2-E81736234D39}.Debug|Any CPU.Build.0 = Debug|Any CPU
		{9CFBD464-E25F-46A4-A2A2-E81736234D39}.Release|Any CPU.ActiveCfg = Release|Any CPU
		{9CFBD464-E25F-46A4-A2A2-E81736234D39}.Release|Any CPU.Build.0 = Release|Any CPU
	EndGlobalSection
	GlobalSection(SolutionProperties) = preSolution
		HideSolutionNode = FALSE
	EndGlobalSection
	GlobalSection(ExtensibilityGlobals) = postSolution
		SolutionGuid = {DCCEF88D-8020-450E-A5D4-6F204AE5B483}
	EndGlobalSection
EndGlobal
